
Microsoft Visual Studio Solution File, Format Version 12.00
# Visual Studio Version 17
VisualStudioVersion = 17.8.34330.188
MinimumVisualStudioVersion = 10.0.40219.1
Project("{FAE04EC0-301F-11D3-BF4B-00C04F79EFBC}") = "Stories.API", "Stories.API\Stories.API.csproj", "{B68BEB0F-42E8-4BBC-A38E-0F5741F86B3D}"
EndProject
Project("{FAE04EC0-301F-11D3-BF4B-00C04F79EFBC}") = "Stories.API.Data", "Stories.API.Data\Stories.API.Data.csproj", "{01250406-5D4E-487B-8B2D-CEDE280DA05D}"
EndProject
Project("{FAE04EC0-301F-11D3-BF4B-00C04F79EFBC}") = "Stories.API.Service", "Stories.API.Service\Stories.API.Service.csproj", "{012C8796-9F12-4C24-9363-48405FB895C9}"
EndProject
Global
	GlobalSection(SolutionConfigurationPlatforms) = preSolution
		Debug|Any CPU = Debug|Any CPU
		Release|Any CPU = Release|Any CPU
	EndGlobalSection
	GlobalSection(ProjectConfigurationPlatforms) = postSolution
		{B68BEB0F-42E8-4BBC-A38E-0F5741F86B3D}.Debug|Any CPU.ActiveCfg = Debug|Any CPU
		{B68BEB0F-42E8-4BBC-A38E-0F5741F86B3D}.Debug|Any CPU.Build.0 = Debug|Any CPU
		{B68BEB0F-42E8-4BBC-A38E-0F5741F86B3D}.Release|Any CPU.ActiveCfg = Release|Any CPU
		{B68BEB0F-42E8-4BBC-A38E-0F5741F86B3D}.Release|Any CPU.Build.0 = Release|Any CPU
		{01250406-5D4E-487B-8B2D-CEDE280DA05D}.Debug|Any CPU.ActiveCfg = Debug|Any CPU
		{01250406-5D4E-487B-8B2D-CEDE280DA05D}.Debug|Any CPU.Build.0 = Debug|Any CPU
		{01250406-5D4E-487B-8B2D-CEDE280DA05D}.Release|Any CPU.ActiveCfg = Release|Any CPU
		{01250406-5D4E-487B-8B2D-CEDE280DA05D}.Release|Any CPU.Build.0 = Release|Any CPU
		{012C8796-9F12-4C24-9363-48405FB895C9}.Debug|Any CPU.ActiveCfg = Debug|Any CPU
		{012C8796-9F12-4C24-9363-48405FB895C9}.Debug|Any CPU.Build.0 = Debug|Any CPU
		{012C8796-9F12-4C24-9363-48405FB895C9}.Release|Any CPU.ActiveCfg = Release|Any CPU
		{012C8796-9F12-4C24-9363-48405FB895C9}.Release|Any CPU.Build.0 = Release|Any CPU
	EndGlobalSection
	GlobalSection(SolutionProperties) = preSolution
		HideSolutionNode = FALSE
	EndGlobalSection
	GlobalSection(ExtensibilityGlobals) = postSolution
		SolutionGuid = {AB5A905D-0757-470F-AF4D-79150FF0A8B8}
	EndGlobalSection
EndGlobal
